
Microsoft Visual Studio Solution File, Format Version 12.00
# Visual Studio Version 16
VisualStudioVersion = 16.0.31205.134
MinimumVisualStudioVersion = 10.0.40219.1
Project("{9A19103F-16F7-4668-BE54-9A1E7A4F7556}") = "ListBox_FinalTask", "ListBox_FinalTask.csproj", "{509A578F-E0ED-460A-8FE2-8C71C2A6063E}"
EndProject
Global
	GlobalSection(SolutionConfigurationPlatforms) = preSolution
		Debug|Any CPU = Debug|Any CPU
		Release|Any CPU = Release|Any CPU
	EndGlobalSection
	GlobalSection(ProjectConfigurationPlatforms) = postSolution
		{509A578F-E0ED-460A-8FE2-8C71C2A6063E}.Debug|Any CPU.ActiveCfg = Debug|Any CPU
		{509A578F-E0ED-460A-8FE2-8C71C2A6063E}.Debug|Any CPU.Build.0 = Debug|Any CPU
		{509A578F-E0ED-460A-8FE2-8C71C2A6063E}.Release|Any CPU.ActiveCfg = Release|Any CPU
		{509A578F-E0ED-460A-8FE2-8C71C2A6063E}.Release|Any CPU.Build.0 = Release|Any CPU
	EndGlobalSection
	GlobalSection(SolutionProperties) = preSolution
		HideSolutionNode = FALSE
	EndGlobalSection
	GlobalSection(ExtensibilityGlobals) = postSolution
		SolutionGuid = {FCBA05E0-E85B-466C-B317-5A53A8F1A8DC}
	EndGlobalSection
EndGlobal
